# This file is automatically @generated by Cargo.
# It is not intended for manual editing.
version = 4

[[package]]
name = "anyhow"
version = "1.0.99"
source = "registry+https://github.com/rust-lang/crates.io-index"
checksum = "b0674a1ddeecb70197781e945de4b3b8ffb61fa939a5597bcf48503737663100"

[[package]]
name = "proc-macro2"
version = "1.0.101"
source = "registry+https://github.com/rust-lang/crates.io-index"
checksum = "89ae43fd86e4158d6db51ad8e2b80f313af9cc74f5c0e03ccb87de09998732de"
dependencies = [
 "unicode-ident",
]

[[package]]
name = "quote"
version = "1.0.40"
source = "registry+https://github.com/rust-lang/crates.io-index"
checksum = "1885c039570dc00dcb4ff087a89e185fd56bae234ddc7f056a945bf36467248d"
dependencies = [
 "proc-macro2",
]

[[package]]
name = "sandwork"
version = "0.1.0"
dependencies = [
 "anyhow",
 "serde",
 "toml",
]

[[package]]
name = "serde"
version = "1.0.225"
source = "registry+https://github.com/rust-lang/crates.io-index"
checksum = "fd6c24dee235d0da097043389623fb913daddf92c76e9f5a1db88607a0bcbd1d"
dependencies = [
 "serde_core",
 "serde_derive",
]

[[package]]
name = "serde_core"
version = "1.0.225"
source = "registry+https://github.com/rust-lang/crates.io-index"
checksum = "659356f9a0cb1e529b24c01e43ad2bdf520ec4ceaf83047b83ddcc2251f96383"
dependencies = [
 "serde_derive",
]

[[package]]
name = "serde_derive"
version = "1.0.225"
source = "registry+https://github.com/rust-lang/crates.io-index"
checksum = "0ea936adf78b1f766949a4977b91d2f5595825bd6ec079aa9543ad2685fc4516"
dependencies = [
 "proc-macro2",
 "quote",
 "syn",
]

[[package]]
name = "serde_spanned"
version = "1.0.1"
source = "registry+https://github.com/rust-lang/crates.io-index"
checksum = "2789234a13a53fc4be1b51ea1bab45a3c338bdb884862a257d10e5a74ae009e6"
dependencies = [
 "serde_core",
]

[[package]]
name = "syn"
version = "2.0.106"
source = "registry+https://github.com/rust-lang/crates.io-index"
checksum = "ede7c438028d4436d71104916910f5bb611972c5cfd7f89b8300a8186e6fada6"
dependencies = [
 "proc-macro2",
 "quote",
 "unicode-ident",
]

[[package]]
name = "toml"
version = "0.9.6"
source = "registry+https://github.com/rust-lang/crates.io-index"
checksum = "ae2a4cf385da23d1d53bc15cdfa5c2109e93d8d362393c801e87da2f72f0e201"
dependencies = [
 "serde_core",
 "serde_spanned",
 "toml_datetime",
 "toml_parser",
 "winnow",
]

[[package]]
name = "toml_datetime"
version = "0.7.1"
source = "registry+https://github.com/rust-lang/crates.io-index"
checksum = "a197c0ec7d131bfc6f7e82c8442ba1595aeab35da7adbf05b6b73cd06a16b6be"
dependencies = [
 "serde_core",
]

[[package]]
name = "toml_parser"
version = "1.0.2"
source = "registry+https://github.com/rust-lang/crates.io-index"
checksum = "b551886f449aa90d4fe2bdaa9f4a2577ad2dde302c61ecf262d80b116db95c10"
dependencies = [
 "winnow",
]

[[package]]
name = "unicode-ident"
version = "1.0.19"
source = "registry+https://github.com/rust-lang/crates.io-index"
checksum = "f63a545481291138910575129486daeaf8ac54aee4387fe7906919f7830c7d9d"

[[package]]
name = "winnow"
version = "0.7.13"
source = "registry+https://github.com/rust-lang/crates.io-index"
checksum = "21a0236b59786fed61e2a80582dd500fe61f18b5dca67a4a067d0bc9039339cf"
